
Microsoft Visual Studio Solution File, Format Version 12.00
# Visual Studio 16
Project("{FAE04EC0-301F-11D3-BF4B-00C04F79EFBC}") = "Assembly-CSharp", "Assembly-CSharp.csproj", "{5C4A3D41-656C-89C5-73BE-4FF201F175D2}"
EndProject
Project("{FAE04EC0-301F-11D3-BF4B-00C04F79EFBC}") = "ootii", "ootii.csproj", "{2941F282-B517-5303-304D-23688DB8C004}"
EndProject
Project("{FAE04EC0-301F-11D3-BF4B-00C04F79EFBC}") = "ootii.Demos", "ootii.Demos.csproj", "{60E40AC4-9031-5981-AA21-05187DE1AC28}"
EndProject
Project("{FAE04EC0-301F-11D3-BF4B-00C04F79EFBC}") = "Assembly-CSharp-Editor", "Assembly-CSharp-Editor.csproj", "{57B46D94-BA95-599B-645F-4C5535891251}"
EndProject
Project("{FAE04EC0-301F-11D3-BF4B-00C04F79EFBC}") = "ootii.Editor", "ootii.Editor.csproj", "{F81F818E-7703-FB9B-4A22-24286D01AC56}"
EndProject
Global
	GlobalSection(SolutionConfigurationPlatforms) = preSolution
		Debug|Any CPU = Debug|Any CPU
		Release|Any CPU = Release|Any CPU
	EndGlobalSection
	GlobalSection(ProjectConfigurationPlatforms) = postSolution
		{5C4A3D41-656C-89C5-73BE-4FF201F175D2}.Debug|Any CPU.ActiveCfg = Debug|Any CPU
		{5C4A3D41-656C-89C5-73BE-4FF201F175D2}.Debug|Any CPU.Build.0 = Debug|Any CPU
		{5C4A3D41-656C-89C5-73BE-4FF201F175D2}.Release|Any CPU.ActiveCfg = Release|Any CPU
		{5C4A3D41-656C-89C5-73BE-4FF201F175D2}.Release|Any CPU.Build.0 = Release|Any CPU
		{2941F282-B517-5303-304D-23688DB8C004}.Debug|Any CPU.ActiveCfg = Debug|Any CPU
		{2941F282-B517-5303-304D-23688DB8C004}.Debug|Any CPU.Build.0 = Debug|Any CPU
		{2941F282-B517-5303-304D-23688DB8C004}.Release|Any CPU.ActiveCfg = Release|Any CPU
		{2941F282-B517-5303-304D-23688DB8C004}.Release|Any CPU.Build.0 = Release|Any CPU
		{60E40AC4-9031-5981-AA21-05187DE1AC28}.Debug|Any CPU.ActiveCfg = Debug|Any CPU
		{60E40AC4-9031-5981-AA21-05187DE1AC28}.Debug|Any CPU.Build.0 = Debug|Any CPU
		{60E40AC4-9031-5981-AA21-05187DE1AC28}.Release|Any CPU.ActiveCfg = Release|Any CPU
		{60E40AC4-9031-5981-AA21-05187DE1AC28}.Release|Any CPU.Build.0 = Release|Any CPU
		{57B46D94-BA95-599B-645F-4C5535891251}.Debug|Any CPU.ActiveCfg = Debug|Any CPU
		{57B46D94-BA95-599B-645F-4C5535891251}.Debug|Any CPU.Build.0 = Debug|Any CPU
		{57B46D94-BA95-599B-645F-4C5535891251}.Release|Any CPU.ActiveCfg = Release|Any CPU
		{57B46D94-BA95-599B-645F-4C5535891251}.Release|Any CPU.Build.0 = Release|Any CPU
		{F81F818E-7703-FB9B-4A22-24286D01AC56}.Debug|Any CPU.ActiveCfg = Debug|Any CPU
		{F81F818E-7703-FB9B-4A22-24286D01AC56}.Debug|Any CPU.Build.0 = Debug|Any CPU
		{F81F818E-7703-FB9B-4A22-24286D01AC56}.Release|Any CPU.ActiveCfg = Release|Any CPU
		{F81F818E-7703-FB9B-4A22-24286D01AC56}.Release|Any CPU.Build.0 = Release|Any CPU
	EndGlobalSection
	GlobalSection(SolutionProperties) = preSolution
		HideSolutionNode = FALSE
	EndGlobalSection
EndGlobal
