
Microsoft Visual Studio Solution File, Format Version 12.00
# Visual Studio 15
Project("{FAE04EC0-301F-11D3-BF4B-00C04F79EFBC}") = "Assembly-CSharp", "Assembly-CSharp.csproj", "{8FA22653-1609-7AB2-A078-64873FEE7952}"
EndProject
Project("{FAE04EC0-301F-11D3-BF4B-00C04F79EFBC}") = "Assembly-CSharp-firstpass", "Assembly-CSharp-firstpass.csproj", "{D29F73FB-2F22-D82F-C6C8-AFFEA3EF7E93}"
EndProject
Project("{FAE04EC0-301F-11D3-BF4B-00C04F79EFBC}") = "Assembly-CSharp-Editor", "Assembly-CSharp-Editor.csproj", "{BF0FCD0F-D047-7E52-118F-43580A61E539}"
EndProject
Project("{FAE04EC0-301F-11D3-BF4B-00C04F79EFBC}") = "Assembly-CSharp-Editor-firstpass", "Assembly-CSharp-Editor-firstpass.csproj", "{74EDCAF5-6DED-8B6A-CF5E-7D04403FA965}"
EndProject
Global
	GlobalSection(SolutionConfigurationPlatforms) = preSolution
		Debug|Any CPU = Debug|Any CPU
		Release|Any CPU = Release|Any CPU
	EndGlobalSection
	GlobalSection(ProjectConfigurationPlatforms) = postSolution
		{8FA22653-1609-7AB2-A078-64873FEE7952}.Debug|Any CPU.ActiveCfg = Debug|Any CPU
		{8FA22653-1609-7AB2-A078-64873FEE7952}.Debug|Any CPU.Build.0 = Debug|Any CPU
		{8FA22653-1609-7AB2-A078-64873FEE7952}.Release|Any CPU.ActiveCfg = Release|Any CPU
		{8FA22653-1609-7AB2-A078-64873FEE7952}.Release|Any CPU.Build.0 = Release|Any CPU
		{D29F73FB-2F22-D82F-C6C8-AFFEA3EF7E93}.Debug|Any CPU.ActiveCfg = Debug|Any CPU
		{D29F73FB-2F22-D82F-C6C8-AFFEA3EF7E93}.Debug|Any CPU.Build.0 = Debug|Any CPU
		{D29F73FB-2F22-D82F-C6C8-AFFEA3EF7E93}.Release|Any CPU.ActiveCfg = Release|Any CPU
		{D29F73FB-2F22-D82F-C6C8-AFFEA3EF7E93}.Release|Any CPU.Build.0 = Release|Any CPU
		{BF0FCD0F-D047-7E52-118F-43580A61E539}.Debug|Any CPU.ActiveCfg = Debug|Any CPU
		{BF0FCD0F-D047-7E52-118F-43580A61E539}.Debug|Any CPU.Build.0 = Debug|Any CPU
		{BF0FCD0F-D047-7E52-118F-43580A61E539}.Release|Any CPU.ActiveCfg = Release|Any CPU
		{BF0FCD0F-D047-7E52-118F-43580A61E539}.Release|Any CPU.Build.0 = Release|Any CPU
		{74EDCAF5-6DED-8B6A-CF5E-7D04403FA965}.Debug|Any CPU.ActiveCfg = Debug|Any CPU
		{74EDCAF5-6DED-8B6A-CF5E-7D04403FA965}.Debug|Any CPU.Build.0 = Debug|Any CPU
		{74EDCAF5-6DED-8B6A-CF5E-7D04403FA965}.Release|Any CPU.ActiveCfg = Release|Any CPU
		{74EDCAF5-6DED-8B6A-CF5E-7D04403FA965}.Release|Any CPU.Build.0 = Release|Any CPU
	EndGlobalSection
	GlobalSection(SolutionProperties) = preSolution
		HideSolutionNode = FALSE
	EndGlobalSection
EndGlobal
